
Microsoft Visual Studio Solution File, Format Version 12.00
# Visual Studio 15
VisualStudioVersion = 15.0.27004.2002
MinimumVisualStudioVersion = 10.0.40219.1
Project("{FAE04EC0-301F-11D3-BF4B-00C04F79EFBC}") = "My first program with github", "My first program with github\My first program with github.csproj", "{37E36F9D-C740-43A5-A5A6-10F94C9A8986}"
EndProject
Global
	GlobalSection(SolutionConfigurationPlatforms) = preSolution
		Debug|Any CPU = Debug|Any CPU
		Release|Any CPU = Release|Any CPU
	EndGlobalSection
	GlobalSection(ProjectConfigurationPlatforms) = postSolution
		{37E36F9D-C740-43A5-A5A6-10F94C9A8986}.Debug|Any CPU.ActiveCfg = Debug|Any CPU
		{37E36F9D-C740-43A5-A5A6-10F94C9A8986}.Debug|Any CPU.Build.0 = Debug|Any CPU
		{37E36F9D-C740-43A5-A5A6-10F94C9A8986}.Release|Any CPU.ActiveCfg = Release|Any CPU
		{37E36F9D-C740-43A5-A5A6-10F94C9A8986}.Release|Any CPU.Build.0 = Release|Any CPU
	EndGlobalSection
	GlobalSection(SolutionProperties) = preSolution
		HideSolutionNode = FALSE
	EndGlobalSection
	GlobalSection(ExtensibilityGlobals) = postSolution
		SolutionGuid = {974A8BB7-CCFB-4BC9-8FB0-312A6D2F7FCD}
	EndGlobalSection
EndGlobal
